
Microsoft Visual Studio Solution File, Format Version 12.00
# Visual Studio Version 17
VisualStudioVersion = 17.13.35818.85
MinimumVisualStudioVersion = 10.0.40219.1
Project("{FAE04EC0-301F-11D3-BF4B-00C04F79EFBC}") = "Explorlight", "Explorlight\Explorlight.csproj", "{BACC5F33-2FFC-4B22-BFE1-59CED9BCD835}"
EndProject
Project("{FAE04EC0-301F-11D3-BF4B-00C04F79EFBC}") = "Icer.Commons", "..\Commons\Icer.Commons\Icer.Commons.csproj", "{873BDC54-2C5A-32E9-82C1-3A35743D95D0}"
EndProject
Project("{FAE04EC0-301F-11D3-BF4B-00C04F79EFBC}") = "Icer.WpfCommons", "..\WpfCommons\Icer.WpfCommons\Icer.WpfCommons.csproj", "{DD9D6B97-0C95-42F8-251D-2B5749A75D6E}"
EndProject
Global
	GlobalSection(SolutionConfigurationPlatforms) = preSolution
		Debug|Any CPU = Debug|Any CPU
		Release|Any CPU = Release|Any CPU
	EndGlobalSection
	GlobalSection(ProjectConfigurationPlatforms) = postSolution
		{BACC5F33-2FFC-4B22-BFE1-59CED9BCD835}.Debug|Any CPU.ActiveCfg = Debug|Any CPU
		{BACC5F33-2FFC-4B22-BFE1-59CED9BCD835}.Debug|Any CPU.Build.0 = Debug|Any CPU
		{BACC5F33-2FFC-4B22-BFE1-59CED9BCD835}.Release|Any CPU.ActiveCfg = Release|Any CPU
		{BACC5F33-2FFC-4B22-BFE1-59CED9BCD835}.Release|Any CPU.Build.0 = Release|Any CPU
		{873BDC54-2C5A-32E9-82C1-3A35743D95D0}.Debug|Any CPU.ActiveCfg = Debug|Any CPU
		{873BDC54-2C5A-32E9-82C1-3A35743D95D0}.Debug|Any CPU.Build.0 = Debug|Any CPU
		{873BDC54-2C5A-32E9-82C1-3A35743D95D0}.Release|Any CPU.ActiveCfg = Release|Any CPU
		{873BDC54-2C5A-32E9-82C1-3A35743D95D0}.Release|Any CPU.Build.0 = Release|Any CPU
		{DD9D6B97-0C95-42F8-251D-2B5749A75D6E}.Debug|Any CPU.ActiveCfg = Debug|Any CPU
		{DD9D6B97-0C95-42F8-251D-2B5749A75D6E}.Debug|Any CPU.Build.0 = Debug|Any CPU
		{DD9D6B97-0C95-42F8-251D-2B5749A75D6E}.Release|Any CPU.ActiveCfg = Release|Any CPU
		{DD9D6B97-0C95-42F8-251D-2B5749A75D6E}.Release|Any CPU.Build.0 = Release|Any CPU
	EndGlobalSection
	GlobalSection(SolutionProperties) = preSolution
		HideSolutionNode = FALSE
	EndGlobalSection
	GlobalSection(ExtensibilityGlobals) = postSolution
		SolutionGuid = {97368E26-FA24-44ED-A063-9F5A954954EB}
	EndGlobalSection
EndGlobal
